// !$*UTF8*$!
{
	archiveVersion = 1;
	classes = {
	};
	objectVersion = 50;
	objects = {

/* Begin PBXBuildFile section */
		14293F022238D4C100575EC6 /* StatusStackView.swift in Sources */ = {isa = PBXBuildFile; fileRef = 14293F012238D4C100575EC6 /* StatusStackView.swift */; };
		142D2C252238C46A00AB0F2A /* CraftDemoFramework.h in Headers */ = {isa = PBXBuildFile; fileRef = 142D2C232238C46A00AB0F2A /* CraftDemoFramework.h */; settings = {ATTRIBUTES = (Public, ); }; };
		142D2C2C2238C4D900AB0F2A /* SavingsInfo.swift in Sources */ = {isa = PBXBuildFile; fileRef = 142D2C2B2238C4D900AB0F2A /* SavingsInfo.swift */; };
		142D2C2E2238C50B00AB0F2A /* SavingsCategory.swift in Sources */ = {isa = PBXBuildFile; fileRef = 142D2C2D2238C50B00AB0F2A /* SavingsCategory.swift */; };
		142D2C322238C56100AB0F2A /* ProgressArcView.swift in Sources */ = {isa = PBXBuildFile; fileRef = 142D2C312238C56100AB0F2A /* ProgressArcView.swift */; };
		142D2C352238C5E400AB0F2A /* SavingsInfoService.swift in Sources */ = {isa = PBXBuildFile; fileRef = 142D2C342238C5E400AB0F2A /* SavingsInfoService.swift */; };
		146EE7DC22390EA4001A21ED /* MarkerShapeLayer.swift in Sources */ = {isa = PBXBuildFile; fileRef = 146EE7DB22390EA4001A21ED /* MarkerShapeLayer.swift */; };
/* End PBXBuildFile section */

/* Begin PBXFileReference section */
		14293F012238D4C100575EC6 /* StatusStackView.swift */ = {isa = PBXFileReference; lastKnownFileType = sourcecode.swift; path = StatusStackView.swift; sourceTree = "<group>"; };
		142D2C202238C46A00AB0F2A /* CraftDemoFramework.framework */ = {isa = PBXFileReference; explicitFileType = wrapper.framework; includeInIndex = 0; path = CraftDemoFramework.framework; sourceTree = BUILT_PRODUCTS_DIR; };
		142D2C232238C46A00AB0F2A /* CraftDemoFramework.h */ = {isa = PBXFileReference; lastKnownFileType = sourcecode.c.h; path = CraftDemoFramework.h; sourceTree = "<group>"; };
		142D2C242238C46A00AB0F2A /* Info.plist */ = {isa = PBXFileReference; lastKnownFileType = text.plist.xml; path = Info.plist; sourceTree = "<group>"; };
		142D2C2B2238C4D900AB0F2A /* SavingsInfo.swift */ = {isa = PBXFileReference; lastKnownFileType = sourcecode.swift; path = SavingsInfo.swift; sourceTree = "<group>"; };
		142D2C2D2238C50B00AB0F2A /* SavingsCategory.swift */ = {isa = PBXFileReference; lastKnownFileType = sourcecode.swift; path = SavingsCategory.swift; sourceTree = "<group>"; };
		142D2C312238C56100AB0F2A /* ProgressArcView.swift */ = {isa = PBXFileReference; lastKnownFileType = sourcecode.swift; path = ProgressArcView.swift; sourceTree = "<group>"; };
		142D2C342238C5E400AB0F2A /* SavingsInfoService.swift */ = {isa = PBXFileReference; lastKnownFileType = sourcecode.swift; path = SavingsInfoService.swift; sourceTree = "<group>"; };
		146EE7DB22390EA4001A21ED /* MarkerShapeLayer.swift */ = {isa = PBXFileReference; lastKnownFileType = sourcecode.swift; path = MarkerShapeLayer.swift; sourceTree = "<group>"; };
/* End PBXFileReference section */

/* Begin PBXFrameworksBuildPhase section */
		142D2C1D2238C46A00AB0F2A /* Frameworks */ = {
			isa = PBXFrameworksBuildPhase;
			buildActionMask = 2147483647;
			files = (
			);
			runOnlyForDeploymentPostprocessing = 0;
		};
/* End PBXFrameworksBuildPhase section */

/* Begin PBXGroup section */
		142D2C162238C46A00AB0F2A = {
			isa = PBXGroup;
			children = (
				142D2C222238C46A00AB0F2A /* CraftDemoFramework */,
				142D2C212238C46A00AB0F2A /* Products */,
			);
			sourceTree = "<group>";
		};
		142D2C212238C46A00AB0F2A /* Products */ = {
			isa = PBXGroup;
			children = (
				142D2C202238C46A00AB0F2A /* CraftDemoFramework.framework */,
			);
			name = Products;
			sourceTree = "<group>";
		};
		142D2C222238C46A00AB0F2A /* CraftDemoFramework */ = {
			isa = PBXGroup;
			children = (
				142D2C332238C5D100AB0F2A /* Services */,
				142D2C302238C55300AB0F2A /* Views */,
				142D2C2F2238C54500AB0F2A /* Models */,
				142D2C232238C46A00AB0F2A /* CraftDemoFramework.h */,
				142D2C242238C46A00AB0F2A /* Info.plist */,
			);
			path = CraftDemoFramework;
			sourceTree = "<group>";
		};
		142D2C2F2238C54500AB0F2A /* Models */ = {
			isa = PBXGroup;
			children = (
				142D2C2B2238C4D900AB0F2A /* SavingsInfo.swift */,
				142D2C2D2238C50B00AB0F2A /* SavingsCategory.swift */,
			);
			path = Models;
			sourceTree = "<group>";
		};
		142D2C302238C55300AB0F2A /* Views */ = {
			isa = PBXGroup;
			children = (
				142D2C312238C56100AB0F2A /* ProgressArcView.swift */,
				14293F012238D4C100575EC6 /* StatusStackView.swift */,
				146EE7DB22390EA4001A21ED /* MarkerShapeLayer.swift */,
			);
			path = Views;
			sourceTree = "<group>";
		};
		142D2C332238C5D100AB0F2A /* Services */ = {
			isa = PBXGroup;
			children = (
				142D2C342238C5E400AB0F2A /* SavingsInfoService.swift */,
			);
			path = Services;
			sourceTree = "<group>";
		};
/* End PBXGroup section */

/* Begin PBXHeadersBuildPhase section */
		142D2C1B2238C46A00AB0F2A /* Headers */ = {
			isa = PBXHeadersBuildPhase;
			buildActionMask = 2147483647;
			files = (
				142D2C252238C46A00AB0F2A /* CraftDemoFramework.h in Headers */,
			);
			runOnlyForDeploymentPostprocessing = 0;
		};
/* End PBXHeadersBuildPhase section */

/* Begin PBXNativeTarget section */
		142D2C1F2238C46A00AB0F2A /* CraftDemoFramework */ = {
			isa = PBXNativeTarget;
			buildConfigurationList = 142D2C282238C46A00AB0F2A /* Build configuration list for PBXNativeTarget "CraftDemoFramework" */;
			buildPhases = (
				142D2C1B2238C46A00AB0F2A /* Headers */,
				142D2C1C2238C46A00AB0F2A /* Sources */,
				142D2C1D2238C46A00AB0F2A /* Frameworks */,
				142D2C1E2238C46A00AB0F2A /* Resources */,
				142D2C6B2238CAD200AB0F2A /* Copy Framework */,
			);
			buildRules = (
			);
			dependencies = (
			);
			name = CraftDemoFramework;
			productName = CraftDemoFramework;
			productReference = 142D2C202238C46A00AB0F2A /* CraftDemoFramework.framework */;
			productType = "com.apple.product-type.framework";
		};
/* End PBXNativeTarget section */

/* Begin PBXProject section */
		142D2C172238C46A00AB0F2A /* Project object */ = {
			isa = PBXProject;
			attributes = {
				LastUpgradeCheck = 1010;
				ORGANIZATIONNAME = "Seven Lakes Enterprises";
				TargetAttributes = {
					142D2C1F2238C46A00AB0F2A = {
						CreatedOnToolsVersion = 10.1;
						LastSwiftMigration = 1010;
					};
				};
			};
			buildConfigurationList = 142D2C1A2238C46A00AB0F2A /* Build configuration list for PBXProject "CraftDemoFramework" */;
			compatibilityVersion = "Xcode 9.3";
			developmentRegion = en;
			hasScannedForEncodings = 0;
			knownRegions = (
				en,
			);
			mainGroup = 142D2C162238C46A00AB0F2A;
			productRefGroup = 142D2C212238C46A00AB0F2A /* Products */;
			projectDirPath = "";
			projectRoot = "";
			targets = (
				142D2C1F2238C46A00AB0F2A /* CraftDemoFramework */,
			);
		};
/* End PBXProject section */

/* Begin PBXResourcesBuildPhase section */
		142D2C1E2238C46A00AB0F2A /* Resources */ = {
			isa = PBXResourcesBuildPhase;
			buildActionMask = 2147483647;
			files = (
			);
			runOnlyForDeploymentPostprocessing = 0;
		};
/* End PBXResourcesBuildPhase section */

/* Begin PBXShellScriptBuildPhase section */
		142D2C6B2238CAD200AB0F2A /* Copy Framework */ = {
			isa = PBXShellScriptBuildPhase;
			buildActionMask = 2147483647;
			files = (
			);
			inputFileListPaths = (
			);
			inputPaths = (
			);
			name = "Copy Framework";
			outputFileListPaths = (
			);
			outputPaths = (
			);
			runOnlyForDeploymentPostprocessing = 0;
			shellPath = /bin/sh;
			shellScript = "cp -R /Users/sevenlakes/Workspace/ReferenceCode/CraftDemoFramework/DerivedData/CraftDemoFramework/Build/Products/Debug-iphonesimulator/*.*  /Users/sevenlakes/Workspace/ReferenceCode/CraftDemoApp/Carthage/\n";
		};
/* End PBXShellScriptBuildPhase section */

/* Begin PBXSourcesBuildPhase section */
		142D2C1C2238C46A00AB0F2A /* Sources */ = {
			isa = PBXSourcesBuildPhase;
			buildActionMask = 2147483647;
			files = (
				142D2C322238C56100AB0F2A /* ProgressArcView.swift in Sources */,
				14293F022238D4C100575EC6 /* StatusStackView.swift in Sources */,
				142D2C2C2238C4D900AB0F2A /* SavingsInfo.swift in Sources */,
				142D2C2E2238C50B00AB0F2A /* SavingsCategory.swift in Sources */,
				142D2C352238C5E400AB0F2A /* SavingsInfoService.swift in Sources */,
				146EE7DC22390EA4001A21ED /* MarkerShapeLayer.swift in Sources */,
			);
			runOnlyForDeploymentPostprocessing = 0;
		};
/* End PBXSourcesBuildPhase section */

/* Begin XCBuildConfiguration section */
		142D2C262238C46A00AB0F2A /* Debug */ = {
			isa = XCBuildConfiguration;
			buildSettings = {
				ALWAYS_SEARCH_USER_PATHS = NO;
				CLANG_ANALYZER_NONNULL = YES;
				CLANG_ANALYZER_NUMBER_OBJECT_CONVERSION = YES_AGGRESSIVE;
				CLANG_CXX_LANGUAGE_STANDARD = "gnu++14";
				CLANG_CXX_LIBRARY = "libc++";
				CLANG_ENABLE_MODULES = YES;
				CLANG_ENABLE_OBJC_ARC = YES;
				CLANG_ENABLE_OBJC_WEAK = YES;
				CLANG_WARN_BLOCK_CAPTURE_AUTORELEASING = YES;
				CLANG_WARN_BOOL_CONVERSION = YES;
				CLANG_WARN_COMMA = YES;
				CLANG_WARN_CONSTANT_CONVERSION = YES;
				CLANG_WARN_DEPRECATED_OBJC_IMPLEMENTATIONS = YES;
				CLANG_WARN_DIRECT_OBJC_ISA_USAGE = YES_ERROR;
				CLANG_WARN_DOCUMENTATION_COMMENTS = YES;
				CLANG_WARN_EMPTY_BODY = YES;
				CLANG_WARN_ENUM_CONVERSION = YES;
				CLANG_WARN_INFINITE_RECURSION = YES;
				CLANG_WARN_INT_CONVERSION = YES;
				CLANG_WARN_NON_LITERAL_NULL_CONVERSION = YES;
				CLANG_WARN_OBJC_IMPLICIT_RETAIN_SELF = YES;
				CLANG_WARN_OBJC_LITERAL_CONVERSION = YES;
				CLANG_WARN_OBJC_ROOT_CLASS = YES_ERROR;
				CLANG_WARN_RANGE_LOOP_ANALYSIS = YES;
				CLANG_WARN_STRICT_PROTOTYPES = YES;
				CLANG_WARN_SUSPICIOUS_MOVE = YES;
				CLANG_WARN_UNGUARDED_AVAILABILITY = YES_AGGRESSIVE;
				CLANG_WARN_UNREACHABLE_CODE = YES;
				CLANG_WARN__DUPLICATE_METHOD_MATCH = YES;
				CODE_SIGN_IDENTITY = "iPhone Developer";
				COPY_PHASE_STRIP = NO;
				CURRENT_PROJECT_VERSION = 1;
				DEBUG_INFORMATION_FORMAT = dwarf;
				ENABLE_STRICT_OBJC_MSGSEND = YES;
				ENABLE_TESTABILITY = YES;
				GCC_C_LANGUAGE_STANDARD = gnu11;
				GCC_DYNAMIC_NO_PIC = NO;
				GCC_NO_COMMON_BLOCKS = YES;
				GCC_OPTIMIZATION_LEVEL = 0;
				GCC_PREPROCESSOR_DEFINITIONS = (
					"DEBUG=1",
					"$(inherited)",
				);
				GCC_WARN_64_TO_32_BIT_CONVERSION = YES;
				GCC_WARN_ABOUT_RETURN_TYPE = YES_ERROR;
				GCC_WARN_UNDECLARED_SELECTOR = YES;
				GCC_WARN_UNINITIALIZED_AUTOS = YES_AGGRESSIVE;
				GCC_WARN_UNUSED_FUNCTION = YES;
				GCC_WARN_UNUSED_VARIABLE = YES;
				IPHONEOS_DEPLOYMENT_TARGET = 12.1;
				MTL_ENABLE_DEBUG_INFO = INCLUDE_SOURCE;
				MTL_FAST_MATH = YES;
				ONLY_ACTIVE_ARCH = YES;
				SDKROOT = iphoneos;
				SWIFT_ACTIVE_COMPILATION_CONDITIONS = DEBUG;
				SWIFT_OPTIMIZATION_LEVEL = "-Onone";
				VERSIONING_SYSTEM = "apple-generic";
				VERSION_INFO_PREFIX = "";
			};
			name = Debug;
		};
		142D2C272238C46A00AB0F2A /* Release */ = {
			isa = XCBuildConfiguration;
			buildSettings = {
				ALWAYS_SEARCH_USER_PATHS = NO;
				CLANG_ANALYZER_NONNULL = YES;
				CLANG_ANALYZER_NUMBER_OBJECT_CONVERSION = YES_AGGRESSIVE;
				CLANG_CXX_LANGUAGE_STANDARD = "gnu++14";
				CLANG_CXX_LIBRARY = "libc++";
				CLANG_ENABLE_MODULES = YES;
				CLANG_ENABLE_OBJC_ARC = YES;
				CLANG_ENABLE_OBJC_WEAK = YES;
				CLANG_WARN_BLOCK_CAPTURE_AUTORELEASING = YES;
				CLANG_WARN_BOOL_CONVERSION = YES;
				CLANG_WARN_COMMA = YES;
				CLANG_WARN_CONSTANT_CONVERSION = YES;
				CLANG_WARN_DEPRECATED_OBJC_IMPLEMENTATIONS = YES;
				CLANG_WARN_DIRECT_OBJC_ISA_USAGE = YES_ERROR;
				CLANG_WARN_DOCUMENTATION_COMMENTS = YES;
				CLANG_WARN_EMPTY_BODY = YES;
				CLANG_WARN_ENUM_CONVERSION = YES;
				CLANG_WARN_INFINITE_RECURSION = YES;
				CLANG_WARN_INT_CONVERSION = YES;
				CLANG_WARN_NON_LITERAL_NULL_CONVERSION = YES;
				CLANG_WARN_OBJC_IMPLICIT_RETAIN_SELF = YES;
				CLANG_WARN_OBJC_LITERAL_CONVERSION = YES;
				CLANG_WARN_OBJC_ROOT_CLASS = YES_ERROR;
				CLANG_WARN_RANGE_LOOP_ANALYSIS = YES;
				CLANG_WARN_STRICT_PROTOTYPES = YES;
				CLANG_WARN_SUSPICIOUS_MOVE = YES;
				CLANG_WARN_UNGUARDED_AVAILABILITY = YES_AGGRESSIVE;
				CLANG_WARN_UNREACHABLE_CODE = YES;
				CLANG_WARN__DUPLICATE_METHOD_MATCH = YES;
				CODE_SIGN_IDENTITY = "iPhone Developer";
				COPY_PHASE_STRIP = NO;
				CURRENT_PROJECT_VERSION = 1;
				DEBUG_INFORMATION_FORMAT = "dwarf-with-dsym";
				ENABLE_NS_ASSERTIONS = NO;
				ENABLE_STRICT_OBJC_MSGSEND = YES;
				GCC_C_LANGUAGE_STANDARD = gnu11;
				GCC_NO_COMMON_BLOCKS = YES;
				GCC_WARN_64_TO_32_BIT_CONVERSION = YES;
				GCC_WARN_ABOUT_RETURN_TYPE = YES_ERROR;
				GCC_WARN_UNDECLARED_SELECTOR = YES;
				GCC_WARN_UNINITIALIZED_AUTOS = YES_AGGRESSIVE;
				GCC_WARN_UNUSED_FUNCTION = YES;
				GCC_WARN_UNUSED_VARIABLE = YES;
				IPHONEOS_DEPLOYMENT_TARGET = 12.1;
				MTL_ENABLE_DEBUG_INFO = NO;
				MTL_FAST_MATH = YES;
				SDKROOT = iphoneos;
				SWIFT_COMPILATION_MODE = wholemodule;
				SWIFT_OPTIMIZATION_LEVEL = "-O";
				VALIDATE_PRODUCT = YES;
				VERSIONING_SYSTEM = "apple-generic";
				VERSION_INFO_PREFIX = "";
			};
			name = Release;
		};
		142D2C292238C46A00AB0F2A /* Debug */ = {
			isa = XCBuildConfiguration;
			buildSettings = {
				CLANG_ENABLE_MODULES = YES;
				CODE_SIGN_IDENTITY = "";
				CODE_SIGN_STYLE = Automatic;
				DEFINES_MODULE = YES;
				DEVELOPMENT_TEAM = B3NT7878BG;
				DYLIB_COMPATIBILITY_VERSION = 1;
				DYLIB_CURRENT_VERSION = 1;
				DYLIB_INSTALL_NAME_BASE = "@rpath";
				INFOPLIST_FILE = CraftDemoFramework/Info.plist;
				INSTALL_PATH = "$(LOCAL_LIBRARY_DIR)/Frameworks";
				LD_RUNPATH_SEARCH_PATHS = (
					"$(inherited)",
					"@executable_path/Frameworks",
					"@loader_path/Frameworks",
				);
				PRODUCT_BUNDLE_IDENTIFIER = com.FDG.CraftDemoFramework;
				PRODUCT_NAME = "$(TARGET_NAME:c99extidentifier)";
				SKIP_INSTALL = YES;
				SWIFT_OPTIMIZATION_LEVEL = "-Onone";
				SWIFT_VERSION = 4.2;
				TARGETED_DEVICE_FAMILY = "1,2";
			};
			name = Debug;
		};
		142D2C2A2238C46A00AB0F2A /* Release */ = {
			isa = XCBuildConfiguration;
			buildSettings = {
				CLANG_ENABLE_MODULES = YES;
				CODE_SIGN_IDENTITY = "";
				CODE_SIGN_STYLE = Automatic;
				DEFINES_MODULE = YES;
				DEVELOPMENT_TEAM = B3NT7878BG;
				DYLIB_COMPATIBILITY_VERSION = 1;
				DYLIB_CURRENT_VERSION = 1;
				DYLIB_INSTALL_NAME_BASE = "@rpath";
				INFOPLIST_FILE = CraftDemoFramework/Info.plist;
				INSTALL_PATH = "$(LOCAL_LIBRARY_DIR)/Frameworks";
				LD_RUNPATH_SEARCH_PATHS = (
					"$(inherited)",
					"@executable_path/Frameworks",
					"@loader_path/Frameworks",
				);
				PRODUCT_BUNDLE_IDENTIFIER = com.FDG.CraftDemoFramework;
				PRODUCT_NAME = "$(TARGET_NAME:c99extidentifier)";
				SKIP_INSTALL = YES;
				SWIFT_VERSION = 4.2;
				TARGETED_DEVICE_FAMILY = "1,2";
			};
			name = Release;
		};
/* End XCBuildConfiguration section */

/* Begin XCConfigurationList section */
		142D2C1A2238C46A00AB0F2A /* Build configuration list for PBXProject "CraftDemoFramework" */ = {
			isa = XCConfigurationList;
			buildConfigurations = (
				142D2C262238C46A00AB0F2A /* Debug */,
				142D2C272238C46A00AB0F2A /* Release */,
			);
			defaultConfigurationIsVisible = 0;
			defaultConfigurationName = Release;
		};
		142D2C282238C46A00AB0F2A /* Build configuration list for PBXNativeTarget "CraftDemoFramework" */ = {
			isa = XCConfigurationList;
			buildConfigurations = (
				142D2C292238C46A00AB0F2A /* Debug */,
				142D2C2A2238C46A00AB0F2A /* Release */,
			);
			defaultConfigurationIsVisible = 0;
			defaultConfigurationName = Release;
		};
/* End XCConfigurationList section */
	};
	rootObject = 142D2C172238C46A00AB0F2A /* Project object */;
}
